// !$*UTF8*$!
{
	archiveVersion = 1;
	classes = {
	};
	objectVersion = 46;
	objects = {

/* Begin PBXBuildFile section */
		EB2F9B851DC7875100C87A0F /* AppDelegate.swift in Sources */ = {isa = PBXBuildFile; fileRef = EB2F9B841DC7875100C87A0F /* AppDelegate.swift */; };
		EB2F9B871DC7875100C87A0F /* ViewController.swift in Sources */ = {isa = PBXBuildFile; fileRef = EB2F9B861DC7875100C87A0F /* ViewController.swift */; };
		EB2F9B8A1DC7875100C87A0F /* Main.storyboard in Resources */ = {isa = PBXBuildFile; fileRef = EB2F9B881DC7875100C87A0F /* Main.storyboard */; };
		EB2F9B8C1DC7875100C87A0F /* Assets.xcassets in Resources */ = {isa = PBXBuildFile; fileRef = EB2F9B8B1DC7875100C87A0F /* Assets.xcassets */; };
		EB2F9B8F1DC7875100C87A0F /* LaunchScreen.storyboard in Resources */ = {isa = PBXBuildFile; fileRef = EB2F9B8D1DC7875100C87A0F /* LaunchScreen.storyboard */; };
		EB4B896A1DC797B70080851B /* MonaTableViewCell.swift in Sources */ = {isa = PBXBuildFile; fileRef = EB4B89691DC797B70080851B /* MonaTableViewCell.swift */; };
/* End PBXBuildFile section */

/* Begin PBXFileReference section */
		EB2F9B811DC7875100C87A0F /* Siclo.app */ = {isa = PBXFileReference; explicitFileType = wrapper.application; includeInIndex = 0; path = Siclo.app; sourceTree = BUILT_PRODUCTS_DIR; };
		EB2F9B841DC7875100C87A0F /* AppDelegate.swift */ = {isa = PBXFileReference; lastKnownFileType = sourcecode.swift; path = AppDelegate.swift; sourceTree = "<group>"; };
		EB2F9B861DC7875100C87A0F /* ViewController.swift */ = {isa = PBXFileReference; lastKnownFileType = sourcecode.swift; path = ViewController.swift; sourceTree = "<group>"; };
		EB2F9B891DC7875100C87A0F /* Base */ = {isa = PBXFileReference; lastKnownFileType = file.storyboard; name = Base; path = Base.lproj/Main.storyboard; sourceTree = "<group>"; };
		EB2F9B8B1DC7875100C87A0F /* Assets.xcassets */ = {isa = PBXFileReference; lastKnownFileType = folder.assetcatalog; path = Assets.xcassets; sourceTree = "<group>"; };
		EB2F9B8E1DC7875100C87A0F /* Base */ = {isa = PBXFileReference; lastKnownFileType = file.storyboard; name = Base; path = Base.lproj/LaunchScreen.storyboard; sourceTree = "<group>"; };
		EB2F9B901DC7875100C87A0F /* Info.plist */ = {isa = PBXFileReference; lastKnownFileType = text.plist.xml; path = Info.plist; sourceTree = "<group>"; };
		EB4B89691DC797B70080851B /* MonaTableViewCell.swift */ = {isa = PBXFileReference; fileEncoding = 4; lastKnownFileType = sourcecode.swift; path = MonaTableViewCell.swift; sourceTree = "<group>"; };
/* End PBXFileReference section */

/* Begin PBXFrameworksBuildPhase section */
		EB2F9B7E1DC7875100C87A0F /* Frameworks */ = {
			isa = PBXFrameworksBuildPhase;
			buildActionMask = 2147483647;
			files = (
			);
			runOnlyForDeploymentPostprocessing = 0;
		};
/* End PBXFrameworksBuildPhase section */

/* Begin PBXGroup section */
		EB2F9B781DC7875100C87A0F = {
			isa = PBXGroup;
			children = (
				EB2F9B831DC7875100C87A0F /* Siclo */,
				EB2F9B821DC7875100C87A0F /* Products */,
			);
			sourceTree = "<group>";
		};
		EB2F9B821DC7875100C87A0F /* Products */ = {
			isa = PBXGroup;
			children = (
				EB2F9B811DC7875100C87A0F /* Siclo.app */,
			);
			name = Products;
			sourceTree = "<group>";
		};
		EB2F9B831DC7875100C87A0F /* Siclo */ = {
			isa = PBXGroup;
			children = (
				EB2F9B841DC7875100C87A0F /* AppDelegate.swift */,
				EB2F9B861DC7875100C87A0F /* ViewController.swift */,
				EB2F9B881DC7875100C87A0F /* Main.storyboard */,
				EB2F9B8B1DC7875100C87A0F /* Assets.xcassets */,
				EB2F9B8D1DC7875100C87A0F /* LaunchScreen.storyboard */,
				EB2F9B901DC7875100C87A0F /* Info.plist */,
				EB4B89691DC797B70080851B /* MonaTableViewCell.swift */,
			);
			path = Siclo;
			sourceTree = "<group>";
		};
/* End PBXGroup section */

/* Begin PBXNativeTarget section */
		EB2F9B801DC7875100C87A0F /* Siclo */ = {
			isa = PBXNativeTarget;
			buildConfigurationList = EB2F9B931DC7875100C87A0F /* Build configuration list for PBXNativeTarget "Siclo" */;
			buildPhases = (
				EB2F9B7D1DC7875100C87A0F /* Sources */,
				EB2F9B7E1DC7875100C87A0F /* Frameworks */,
				EB2F9B7F1DC7875100C87A0F /* Resources */,
			);
			buildRules = (
			);
			dependencies = (
			);
			name = Siclo;
			productName = Siclo;
			productReference = EB2F9B811DC7875100C87A0F /* Siclo.app */;
			productType = "com.apple.product-type.application";
		};
/* End PBXNativeTarget section */

/* Begin PBXProject section */
		EB2F9B791DC7875100C87A0F /* Project object */ = {
			isa = PBXProject;
			attributes = {
				LastSwiftUpdateCheck = 0800;
				LastUpgradeCheck = 0800;
				ORGANIZATIONNAME = Siclo;
				TargetAttributes = {
					EB2F9B801DC7875100C87A0F = {
						CreatedOnToolsVersion = 8.0;
						DevelopmentTeam = XM9E7773FZ;
						ProvisioningStyle = Automatic;
					};
				};
			};
			buildConfigurationList = EB2F9B7C1DC7875100C87A0F /* Build configuration list for PBXProject "Siclo" */;
			compatibilityVersion = "Xcode 3.2";
			developmentRegion = English;
			hasScannedForEncodings = 0;
			knownRegions = (
				en,
				Base,
			);
			mainGroup = EB2F9B781DC7875100C87A0F;
			productRefGroup = EB2F9B821DC7875100C87A0F /* Products */;
			projectDirPath = "";
			projectRoot = "";
			targets = (
				EB2F9B801DC7875100C87A0F /* Siclo */,
			);
		};
/* End PBXProject section */

/* Begin PBXResourcesBuildPhase section */
		EB2F9B7F1DC7875100C87A0F /* Resources */ = {
			isa = PBXResourcesBuildPhase;
			buildActionMask = 2147483647;
			files = (
				EB2F9B8F1DC7875100C87A0F /* LaunchScreen.storyboard in Resources */,
				EB2F9B8C1DC7875100C87A0F /* Assets.xcassets in Resources */,
				EB2F9B8A1DC7875100C87A0F /* Main.storyboard in Resources */,
			);
			runOnlyForDeploymentPostprocessing = 0;
		};
/* End PBXResourcesBuildPhase section */

/* Begin PBXSourcesBuildPhase section */
		EB2F9B7D1DC7875100C87A0F /* Sources */ = {
			isa = PBXSourcesBuildPhase;
			buildActionMask = 2147483647;
			files = (
				EB4B896A1DC797B70080851B /* MonaTableViewCell.swift in Sources */,
				EB2F9B871DC7875100C87A0F /* ViewController.swift in Sources */,
				EB2F9B851DC7875100C87A0F /* AppDelegate.swift in Sources */,
			);
			runOnlyForDeploymentPostprocessing = 0;
		};
/* End PBXSourcesBuildPhase section */

/* Begin PBXVariantGroup section */
		EB2F9B881DC7875100C87A0F /* Main.storyboard */ = {
			isa = PBXVariantGroup;
			children = (
				EB2F9B891DC7875100C87A0F /* Base */,
			);
			name = Main.storyboard;
			sourceTree = "<group>";
		};
		EB2F9B8D1DC7875100C87A0F /* LaunchScreen.storyboard */ = {
			isa = PBXVariantGroup;
			children = (
				EB2F9B8E1DC7875100C87A0F /* Base */,
			);
			name = LaunchScreen.storyboard;
			sourceTree = "<group>";
		};
/* End PBXVariantGroup section */

/* Begin XCBuildConfiguration section */
		EB2F9B911DC7875100C87A0F /* Debug */ = {
			isa = XCBuildConfiguration;
			buildSettings = {
				ALWAYS_SEARCH_USER_PATHS = NO;
				CLANG_ANALYZER_NONNULL = YES;
				CLANG_CXX_LANGUAGE_STANDARD = "gnu++0x";
				CLANG_CXX_LIBRARY = "libc++";
				CLANG_ENABLE_MODULES = YES;
				CLANG_ENABLE_OBJC_ARC = YES;
				CLANG_WARN_BOOL_CONVERSION = YES;
				CLANG_WARN_CONSTANT_CONVERSION = YES;
				CLANG_WARN_DIRECT_OBJC_ISA_USAGE = YES_ERROR;
				CLANG_WARN_DOCUMENTATION_COMMENTS = YES;
				CLANG_WARN_EMPTY_BODY = YES;
				CLANG_WARN_ENUM_CONVERSION = YES;
				CLANG_WARN_INFINITE_RECURSION = YES;
				CLANG_WARN_INT_CONVERSION = YES;
				CLANG_WARN_OBJC_ROOT_CLASS = YES_ERROR;
				CLANG_WARN_SUSPICIOUS_MOVES = YES;
				CLANG_WARN_UNREACHABLE_CODE = YES;
				CLANG_WARN__DUPLICATE_METHOD_MATCH = YES;
				"CODE_SIGN_IDENTITY[sdk=iphoneos*]" = "iPhone Developer";
				COPY_PHASE_STRIP = NO;
				DEBUG_INFORMATION_FORMAT = dwarf;
				ENABLE_STRICT_OBJC_MSGSEND = YES;
				ENABLE_TESTABILITY = YES;
				GCC_C_LANGUAGE_STANDARD = gnu99;
				GCC_DYNAMIC_NO_PIC = NO;
				GCC_NO_COMMON_BLOCKS = YES;
				GCC_OPTIMIZATION_LEVEL = 0;
				GCC_PREPROCESSOR_DEFINITIONS = (
					"DEBUG=1",
					"$(inherited)",
				);
				GCC_WARN_64_TO_32_BIT_CONVERSION = YES;
				GCC_WARN_ABOUT_RETURN_TYPE = YES_ERROR;
				GCC_WARN_UNDECLARED_SELECTOR = YES;
				GCC_WARN_UNINITIALIZED_AUTOS = YES_AGGRESSIVE;
				GCC_WARN_UNUSED_FUNCTION = YES;
				GCC_WARN_UNUSED_VARIABLE = YES;
				IPHONEOS_DEPLOYMENT_TARGET = 10.0;
				MTL_ENABLE_DEBUG_INFO = YES;
				ONLY_ACTIVE_ARCH = YES;
				SDKROOT = iphoneos;
				SWIFT_ACTIVE_COMPILATION_CONDITIONS = DEBUG;
				SWIFT_OPTIMIZATION_LEVEL = "-Onone";
				TARGETED_DEVICE_FAMILY = "1,2";
			};
			name = Debug;
		};
		EB2F9B921DC7875100C87A0F /* Release */ = {
			isa = XCBuildConfiguration;
			buildSettings = {
				ALWAYS_SEARCH_USER_PATHS = NO;
				CLANG_ANALYZER_NONNULL = YES;
				CLANG_CXX_LANGUAGE_STANDARD = "gnu++0x";
				CLANG_CXX_LIBRARY = "libc++";
				CLANG_ENABLE_MODULES = YES;
				CLANG_ENABLE_OBJC_ARC = YES;
				CLANG_WARN_BOOL_CONVERSION = YES;
				CLANG_WARN_CONSTANT_CONVERSION = YES;
				CLANG_WARN_DIRECT_OBJC_ISA_USAGE = YES_ERROR;
				CLANG_WARN_DOCUMENTATION_COMMENTS = YES;
				CLANG_WARN_EMPTY_BODY = YES;
				CLANG_WARN_ENUM_CONVERSION = YES;
				CLANG_WARN_INFINITE_RECURSION = YES;
				CLANG_WARN_INT_CONVERSION = YES;
				CLANG_WARN_OBJC_ROOT_CLASS = YES_ERROR;
				CLANG_WARN_SUSPICIOUS_MOVES = YES;
				CLANG_WARN_UNREACHABLE_CODE = YES;
				CLANG_WARN__DUPLICATE_METHOD_MATCH = YES;
				"CODE_SIGN_IDENTITY[sdk=iphoneos*]" = "iPhone Developer";
				COPY_PHASE_STRIP = NO;
				DEBUG_INFORMATION_FORMAT = "dwarf-with-dsym";
				ENABLE_NS_ASSERTIONS = NO;
				ENABLE_STRICT_OBJC_MSGSEND = YES;
				GCC_C_LANGUAGE_STANDARD = gnu99;
				GCC_NO_COMMON_BLOCKS = YES;
				GCC_WARN_64_TO_32_BIT_CONVERSION = YES;
				GCC_WARN_ABOUT_RETURN_TYPE = YES_ERROR;
				GCC_WARN_UNDECLARED_SELECTOR = YES;
				GCC_WARN_UNINITIALIZED_AUTOS = YES_AGGRESSIVE;
				GCC_WARN_UNUSED_FUNCTION = YES;
				GCC_WARN_UNUSED_VARIABLE = YES;
				IPHONEOS_DEPLOYMENT_TARGET = 10.0;
				MTL_ENABLE_DEBUG_INFO = NO;
				SDKROOT = iphoneos;
				SWIFT_OPTIMIZATION_LEVEL = "-Owholemodule";
				TARGETED_DEVICE_FAMILY = "1,2";
				VALIDATE_PRODUCT = YES;
			};
			name = Release;
		};
		EB2F9B941DC7875100C87A0F /* Debug */ = {
			isa = XCBuildConfiguration;
			buildSettings = {
				ASSETCATALOG_COMPILER_APPICON_NAME = AppIcon;
				DEVELOPMENT_TEAM = XM9E7773FZ;
				INFOPLIST_FILE = Siclo/Info.plist;
				LD_RUNPATH_SEARCH_PATHS = "$(inherited) @executable_path/Frameworks";
				PRODUCT_BUNDLE_IDENTIFIER = lamha.dev.Siclo;
				PRODUCT_NAME = "$(TARGET_NAME)";
				SWIFT_VERSION = 3.0;
			};
			name = Debug;
		};
		EB2F9B951DC7875100C87A0F /* Release */ = {
			isa = XCBuildConfiguration;
			buildSettings = {
				ASSETCATALOG_COMPILER_APPICON_NAME = AppIcon;
				DEVELOPMENT_TEAM = XM9E7773FZ;
				INFOPLIST_FILE = Siclo/Info.plist;
				LD_RUNPATH_SEARCH_PATHS = "$(inherited) @executable_path/Frameworks";
				PRODUCT_BUNDLE_IDENTIFIER = lamha.dev.Siclo;
				PRODUCT_NAME = "$(TARGET_NAME)";
				SWIFT_VERSION = 3.0;
			};
			name = Release;
		};
/* End XCBuildConfiguration section */

/* Begin XCConfigurationList section */
		EB2F9B7C1DC7875100C87A0F /* Build configuration list for PBXProject "Siclo" */ = {
			isa = XCConfigurationList;
			buildConfigurations = (
				EB2F9B911DC7875100C87A0F /* Debug */,
				EB2F9B921DC7875100C87A0F /* Release */,
			);
			defaultConfigurationIsVisible = 0;
			defaultConfigurationName = Release;
		};
		EB2F9B931DC7875100C87A0F /* Build configuration list for PBXNativeTarget "Siclo" */ = {
			isa = XCConfigurationList;
			buildConfigurations = (
				EB2F9B941DC7875100C87A0F /* Debug */,
				EB2F9B951DC7875100C87A0F /* Release */,
			);
			defaultConfigurationIsVisible = 0;
			defaultConfigurationName = Release;
		};
/* End XCConfigurationList section */
	};
	rootObject = EB2F9B791DC7875100C87A0F /* Project object */;
}
